{
  "name": "calc",
  "version": "1.0.0",
  "lockfileVersion": 1,
  "requires": true,
  "dependencies": {
    "system-font-css": {
      "version": "2.0.1",
      "resolved": "https://registry.npmjs.org/system-font-css/-/system-font-css-2.0.1.tgz",
      "integrity": "sha512-J2Md22GSbBIRXSR6opn78ZfGyFHYoyfhFB7L16J6c+3bmF8H6/VlmbzyM+vBtBihsdixJocl5GDO0RGOR3hj7A=="
    }
  }
}
